// !$*UTF8*$!
{
	archiveVersion = 1;
	classes = {
	};
	objectVersion = 46;
	objects = {

/* Begin PBXBuildFile section */
		60A3EA308C38D558E5BDCE9A /* Pods_LocationTracking.framework in Frameworks */ = {isa = PBXBuildFile; fileRef = 508738D11D9E38388A991B0A /* Pods_LocationTracking.framework */; };
		619A5BD36F90B63D14C0F7E8 /* Pods_LocationTrackingTests.framework in Frameworks */ = {isa = PBXBuildFile; fileRef = C23AAF224A48A1D528E4C014 /* Pods_LocationTrackingTests.framework */; };
		F3687EB81E20B2E3009D1E0B /* AppDelegate.swift in Sources */ = {isa = PBXBuildFile; fileRef = F3687EB71E20B2E3009D1E0B /* AppDelegate.swift */; };
		F3687EBD1E20B2E3009D1E0B /* Main.storyboard in Resources */ = {isa = PBXBuildFile; fileRef = F3687EBB1E20B2E3009D1E0B /* Main.storyboard */; };
		F3687EBF1E20B2E3009D1E0B /* Assets.xcassets in Resources */ = {isa = PBXBuildFile; fileRef = F3687EBE1E20B2E3009D1E0B /* Assets.xcassets */; };
		F3687EC21E20B2E3009D1E0B /* LaunchScreen.storyboard in Resources */ = {isa = PBXBuildFile; fileRef = F3687EC01E20B2E3009D1E0B /* LaunchScreen.storyboard */; };
		F3687ECD1E20B2E3009D1E0B /* LocationTrackingTests.swift in Sources */ = {isa = PBXBuildFile; fileRef = F3687ECC1E20B2E3009D1E0B /* LocationTrackingTests.swift */; };
		F3687EDD1E20B8B5009D1E0B /* TabViewController.swift in Sources */ = {isa = PBXBuildFile; fileRef = F3687EDC1E20B8B5009D1E0B /* TabViewController.swift */; };
		F3687EDF1E20B97C009D1E0B /* TabViewModel.swift in Sources */ = {isa = PBXBuildFile; fileRef = F3687EDE1E20B97C009D1E0B /* TabViewModel.swift */; };
		F3687EE11E20C7FA009D1E0B /* FirstViewController.swift in Sources */ = {isa = PBXBuildFile; fileRef = F3687EE01E20C7FA009D1E0B /* FirstViewController.swift */; };
		F3687EE31E20C807009D1E0B /* SecondViewController.swift in Sources */ = {isa = PBXBuildFile; fileRef = F3687EE21E20C807009D1E0B /* SecondViewController.swift */; };
		F3687EE51E20C812009D1E0B /* ThirdViewController.swift in Sources */ = {isa = PBXBuildFile; fileRef = F3687EE41E20C812009D1E0B /* ThirdViewController.swift */; };
		F3687EE71E20E62B009D1E0B /* CoreLocation.framework in Frameworks */ = {isa = PBXBuildFile; fileRef = F3687EE61E20E62B009D1E0B /* CoreLocation.framework */; };
		F3687EE91E20E630009D1E0B /* MapKit.framework in Frameworks */ = {isa = PBXBuildFile; fileRef = F3687EE81E20E630009D1E0B /* MapKit.framework */; };
/* End PBXBuildFile section */

/* Begin PBXContainerItemProxy section */
		F3687EC91E20B2E3009D1E0B /* PBXContainerItemProxy */ = {
			isa = PBXContainerItemProxy;
			containerPortal = F3687EAC1E20B2E3009D1E0B /* Project object */;
			proxyType = 1;
			remoteGlobalIDString = F3687EB31E20B2E3009D1E0B;
			remoteInfo = LocationTracking;
		};
/* End PBXContainerItemProxy section */

/* Begin PBXFileReference section */
		256A4E5ABE47A488D2824CB1 /* Pods-LocationTrackingTests.release.xcconfig */ = {isa = PBXFileReference; includeInIndex = 1; lastKnownFileType = text.xcconfig; name = "Pods-LocationTrackingTests.release.xcconfig"; path = "Pods/Target Support Files/Pods-LocationTrackingTests/Pods-LocationTrackingTests.release.xcconfig"; sourceTree = "<group>"; };
		508738D11D9E38388A991B0A /* Pods_LocationTracking.framework */ = {isa = PBXFileReference; explicitFileType = wrapper.framework; includeInIndex = 0; path = Pods_LocationTracking.framework; sourceTree = BUILT_PRODUCTS_DIR; };
		B3F443AB6418ACFE8B4B134A /* Pods-LocationTracking.debug.xcconfig */ = {isa = PBXFileReference; includeInIndex = 1; lastKnownFileType = text.xcconfig; name = "Pods-LocationTracking.debug.xcconfig"; path = "Pods/Target Support Files/Pods-LocationTracking/Pods-LocationTracking.debug.xcconfig"; sourceTree = "<group>"; };
		C223E9C18F57083E90E98550 /* Pods-LocationTracking.release.xcconfig */ = {isa = PBXFileReference; includeInIndex = 1; lastKnownFileType = text.xcconfig; name = "Pods-LocationTracking.release.xcconfig"; path = "Pods/Target Support Files/Pods-LocationTracking/Pods-LocationTracking.release.xcconfig"; sourceTree = "<group>"; };
		C23AAF224A48A1D528E4C014 /* Pods_LocationTrackingTests.framework */ = {isa = PBXFileReference; explicitFileType = wrapper.framework; includeInIndex = 0; path = Pods_LocationTrackingTests.framework; sourceTree = BUILT_PRODUCTS_DIR; };
		E5B5BCA6F26D53E7FFC8FC9A /* Pods-LocationTrackingTests.debug.xcconfig */ = {isa = PBXFileReference; includeInIndex = 1; lastKnownFileType = text.xcconfig; name = "Pods-LocationTrackingTests.debug.xcconfig"; path = "Pods/Target Support Files/Pods-LocationTrackingTests/Pods-LocationTrackingTests.debug.xcconfig"; sourceTree = "<group>"; };
		F3687EB41E20B2E3009D1E0B /* LocationTracking.app */ = {isa = PBXFileReference; explicitFileType = wrapper.application; includeInIndex = 0; path = LocationTracking.app; sourceTree = BUILT_PRODUCTS_DIR; };
		F3687EB71E20B2E3009D1E0B /* AppDelegate.swift */ = {isa = PBXFileReference; lastKnownFileType = sourcecode.swift; path = AppDelegate.swift; sourceTree = "<group>"; };
		F3687EBC1E20B2E3009D1E0B /* Base */ = {isa = PBXFileReference; lastKnownFileType = file.storyboard; name = Base; path = Base.lproj/Main.storyboard; sourceTree = "<group>"; };
		F3687EBE1E20B2E3009D1E0B /* Assets.xcassets */ = {isa = PBXFileReference; lastKnownFileType = folder.assetcatalog; path = Assets.xcassets; sourceTree = "<group>"; };
		F3687EC11E20B2E3009D1E0B /* Base */ = {isa = PBXFileReference; lastKnownFileType = file.storyboard; name = Base; path = Base.lproj/LaunchScreen.storyboard; sourceTree = "<group>"; };
		F3687EC31E20B2E3009D1E0B /* Info.plist */ = {isa = PBXFileReference; lastKnownFileType = text.plist.xml; path = Info.plist; sourceTree = "<group>"; };
		F3687EC81E20B2E3009D1E0B /* LocationTrackingTests.xctest */ = {isa = PBXFileReference; explicitFileType = wrapper.cfbundle; includeInIndex = 0; path = LocationTrackingTests.xctest; sourceTree = BUILT_PRODUCTS_DIR; };
		F3687ECC1E20B2E3009D1E0B /* LocationTrackingTests.swift */ = {isa = PBXFileReference; lastKnownFileType = sourcecode.swift; path = LocationTrackingTests.swift; sourceTree = "<group>"; };
		F3687ECE1E20B2E3009D1E0B /* Info.plist */ = {isa = PBXFileReference; lastKnownFileType = text.plist.xml; path = Info.plist; sourceTree = "<group>"; };
		F3687EDC1E20B8B5009D1E0B /* TabViewController.swift */ = {isa = PBXFileReference; fileEncoding = 4; lastKnownFileType = sourcecode.swift; path = TabViewController.swift; sourceTree = "<group>"; };
		F3687EDE1E20B97C009D1E0B /* TabViewModel.swift */ = {isa = PBXFileReference; fileEncoding = 4; lastKnownFileType = sourcecode.swift; path = TabViewModel.swift; sourceTree = "<group>"; };
		F3687EE01E20C7FA009D1E0B /* FirstViewController.swift */ = {isa = PBXFileReference; fileEncoding = 4; lastKnownFileType = sourcecode.swift; path = FirstViewController.swift; sourceTree = "<group>"; };
		F3687EE21E20C807009D1E0B /* SecondViewController.swift */ = {isa = PBXFileReference; fileEncoding = 4; lastKnownFileType = sourcecode.swift; path = SecondViewController.swift; sourceTree = "<group>"; };
		F3687EE41E20C812009D1E0B /* ThirdViewController.swift */ = {isa = PBXFileReference; fileEncoding = 4; lastKnownFileType = sourcecode.swift; path = ThirdViewController.swift; sourceTree = "<group>"; };
		F3687EE61E20E62B009D1E0B /* CoreLocation.framework */ = {isa = PBXFileReference; lastKnownFileType = wrapper.framework; name = CoreLocation.framework; path = System/Library/Frameworks/CoreLocation.framework; sourceTree = SDKROOT; };
		F3687EE81E20E630009D1E0B /* MapKit.framework */ = {isa = PBXFileReference; lastKnownFileType = wrapper.framework; name = MapKit.framework; path = System/Library/Frameworks/MapKit.framework; sourceTree = SDKROOT; };
/* End PBXFileReference section */

/* Begin PBXFrameworksBuildPhase section */
		F3687EB11E20B2E3009D1E0B /* Frameworks */ = {
			isa = PBXFrameworksBuildPhase;
			buildActionMask = 2147483647;
			files = (
				F3687EE91E20E630009D1E0B /* MapKit.framework in Frameworks */,
				F3687EE71E20E62B009D1E0B /* CoreLocation.framework in Frameworks */,
				60A3EA308C38D558E5BDCE9A /* Pods_LocationTracking.framework in Frameworks */,
			);
			runOnlyForDeploymentPostprocessing = 0;
		};
		F3687EC51E20B2E3009D1E0B /* Frameworks */ = {
			isa = PBXFrameworksBuildPhase;
			buildActionMask = 2147483647;
			files = (
				619A5BD36F90B63D14C0F7E8 /* Pods_LocationTrackingTests.framework in Frameworks */,
			);
			runOnlyForDeploymentPostprocessing = 0;
		};
/* End PBXFrameworksBuildPhase section */

/* Begin PBXGroup section */
		48EA4231CF33AD54D6C20192 /* Frameworks */ = {
			isa = PBXGroup;
			children = (
				F3687EE81E20E630009D1E0B /* MapKit.framework */,
				F3687EE61E20E62B009D1E0B /* CoreLocation.framework */,
				508738D11D9E38388A991B0A /* Pods_LocationTracking.framework */,
				C23AAF224A48A1D528E4C014 /* Pods_LocationTrackingTests.framework */,
			);
			name = Frameworks;
			sourceTree = "<group>";
		};
		4C08B884C8449FB3BE6B8154 /* Pods */ = {
			isa = PBXGroup;
			children = (
				B3F443AB6418ACFE8B4B134A /* Pods-LocationTracking.debug.xcconfig */,
				C223E9C18F57083E90E98550 /* Pods-LocationTracking.release.xcconfig */,
				E5B5BCA6F26D53E7FFC8FC9A /* Pods-LocationTrackingTests.debug.xcconfig */,
				256A4E5ABE47A488D2824CB1 /* Pods-LocationTrackingTests.release.xcconfig */,
			);
			name = Pods;
			sourceTree = "<group>";
		};
		F3687EAB1E20B2E3009D1E0B = {
			isa = PBXGroup;
			children = (
				F3687EB61E20B2E3009D1E0B /* LocationTracking */,
				F3687ECB1E20B2E3009D1E0B /* LocationTrackingTests */,
				F3687EB51E20B2E3009D1E0B /* Products */,
				4C08B884C8449FB3BE6B8154 /* Pods */,
				48EA4231CF33AD54D6C20192 /* Frameworks */,
			);
			sourceTree = "<group>";
		};
		F3687EB51E20B2E3009D1E0B /* Products */ = {
			isa = PBXGroup;
			children = (
				F3687EB41E20B2E3009D1E0B /* LocationTracking.app */,
				F3687EC81E20B2E3009D1E0B /* LocationTrackingTests.xctest */,
			);
			name = Products;
			sourceTree = "<group>";
		};
		F3687EB61E20B2E3009D1E0B /* LocationTracking */ = {
			isa = PBXGroup;
			children = (
				F3687ED91E20B863009D1E0B /* ViewModel */,
				F3687ED71E20B847009D1E0B /* VC */,
				F3687EB71E20B2E3009D1E0B /* AppDelegate.swift */,
				F3687EBB1E20B2E3009D1E0B /* Main.storyboard */,
				F3687EBE1E20B2E3009D1E0B /* Assets.xcassets */,
				F3687EC01E20B2E3009D1E0B /* LaunchScreen.storyboard */,
				F3687EC31E20B2E3009D1E0B /* Info.plist */,
			);
			path = LocationTracking;
			sourceTree = "<group>";
		};
		F3687ECB1E20B2E3009D1E0B /* LocationTrackingTests */ = {
			isa = PBXGroup;
			children = (
				F3687ECC1E20B2E3009D1E0B /* LocationTrackingTests.swift */,
				F3687ECE1E20B2E3009D1E0B /* Info.plist */,
			);
			path = LocationTrackingTests;
			sourceTree = "<group>";
		};
		F3687ED71E20B847009D1E0B /* VC */ = {
			isa = PBXGroup;
			children = (
				F3687EDC1E20B8B5009D1E0B /* TabViewController.swift */,
				F3687EE01E20C7FA009D1E0B /* FirstViewController.swift */,
				F3687EE21E20C807009D1E0B /* SecondViewController.swift */,
				F3687EE41E20C812009D1E0B /* ThirdViewController.swift */,
			);
			name = VC;
			sourceTree = "<group>";
		};
		F3687ED91E20B863009D1E0B /* ViewModel */ = {
			isa = PBXGroup;
			children = (
				F3687EDE1E20B97C009D1E0B /* TabViewModel.swift */,
			);
			name = ViewModel;
			sourceTree = "<group>";
		};
/* End PBXGroup section */

/* Begin PBXNativeTarget section */
		F3687EB31E20B2E3009D1E0B /* LocationTracking */ = {
			isa = PBXNativeTarget;
			buildConfigurationList = F3687ED11E20B2E3009D1E0B /* Build configuration list for PBXNativeTarget "LocationTracking" */;
			buildPhases = (
				38219629DB524BF62019F68C /* [CP] Check Pods Manifest.lock */,
				F3687EB01E20B2E3009D1E0B /* Sources */,
				F3687EB11E20B2E3009D1E0B /* Frameworks */,
				F3687EB21E20B2E3009D1E0B /* Resources */,
				3421547D9E1F75896D67ABFE /* [CP] Embed Pods Frameworks */,
				867394B86FB5847538B1BB95 /* [CP] Copy Pods Resources */,
			);
			buildRules = (
			);
			dependencies = (
			);
			name = LocationTracking;
			productName = LocationTracking;
			productReference = F3687EB41E20B2E3009D1E0B /* LocationTracking.app */;
			productType = "com.apple.product-type.application";
		};
		F3687EC71E20B2E3009D1E0B /* LocationTrackingTests */ = {
			isa = PBXNativeTarget;
			buildConfigurationList = F3687ED41E20B2E3009D1E0B /* Build configuration list for PBXNativeTarget "LocationTrackingTests" */;
			buildPhases = (
				5141FECDE399CE9680D4A46D /* [CP] Check Pods Manifest.lock */,
				F3687EC41E20B2E3009D1E0B /* Sources */,
				F3687EC51E20B2E3009D1E0B /* Frameworks */,
				F3687EC61E20B2E3009D1E0B /* Resources */,
				D38CEB17CCED03F745B86528 /* [CP] Embed Pods Frameworks */,
				14EB5C1E3A7123BBA9F5C8F7 /* [CP] Copy Pods Resources */,
			);
			buildRules = (
			);
			dependencies = (
				F3687ECA1E20B2E3009D1E0B /* PBXTargetDependency */,
			);
			name = LocationTrackingTests;
			productName = LocationTrackingTests;
			productReference = F3687EC81E20B2E3009D1E0B /* LocationTrackingTests.xctest */;
			productType = "com.apple.product-type.bundle.unit-test";
		};
/* End PBXNativeTarget section */

/* Begin PBXProject section */
		F3687EAC1E20B2E3009D1E0B /* Project object */ = {
			isa = PBXProject;
			attributes = {
				LastSwiftUpdateCheck = 0810;
				LastUpgradeCheck = 0810;
				ORGANIZATIONNAME = Com;
				TargetAttributes = {
					F3687EB31E20B2E3009D1E0B = {
						CreatedOnToolsVersion = 8.1;
						LastSwiftMigration = 0810;
						ProvisioningStyle = Manual;
					};
					F3687EC71E20B2E3009D1E0B = {
						CreatedOnToolsVersion = 8.1;
						LastSwiftMigration = 0810;
						ProvisioningStyle = Automatic;
						TestTargetID = F3687EB31E20B2E3009D1E0B;
					};
				};
			};
			buildConfigurationList = F3687EAF1E20B2E3009D1E0B /* Build configuration list for PBXProject "LocationTracking" */;
			compatibilityVersion = "Xcode 3.2";
			developmentRegion = English;
			hasScannedForEncodings = 0;
			knownRegions = (
				en,
				Base,
			);
			mainGroup = F3687EAB1E20B2E3009D1E0B;
			productRefGroup = F3687EB51E20B2E3009D1E0B /* Products */;
			projectDirPath = "";
			projectRoot = "";
			targets = (
				F3687EB31E20B2E3009D1E0B /* LocationTracking */,
				F3687EC71E20B2E3009D1E0B /* LocationTrackingTests */,
			);
		};
/* End PBXProject section */

/* Begin PBXResourcesBuildPhase section */
		F3687EB21E20B2E3009D1E0B /* Resources */ = {
			isa = PBXResourcesBuildPhase;
			buildActionMask = 2147483647;
			files = (
				F3687EC21E20B2E3009D1E0B /* LaunchScreen.storyboard in Resources */,
				F3687EBF1E20B2E3009D1E0B /* Assets.xcassets in Resources */,
				F3687EBD1E20B2E3009D1E0B /* Main.storyboard in Resources */,
			);
			runOnlyForDeploymentPostprocessing = 0;
		};
		F3687EC61E20B2E3009D1E0B /* Resources */ = {
			isa = PBXResourcesBuildPhase;
			buildActionMask = 2147483647;
			files = (
			);
			runOnlyForDeploymentPostprocessing = 0;
		};
/* End PBXResourcesBuildPhase section */

/* Begin PBXShellScriptBuildPhase section */
		14EB5C1E3A7123BBA9F5C8F7 /* [CP] Copy Pods Resources */ = {
			isa = PBXShellScriptBuildPhase;
			buildActionMask = 2147483647;
			files = (
			);
			inputPaths = (
			);
			name = "[CP] Copy Pods Resources";
			outputPaths = (
			);
			runOnlyForDeploymentPostprocessing = 0;
			shellPath = /bin/sh;
			shellScript = "\"${SRCROOT}/Pods/Target Support Files/Pods-LocationTrackingTests/Pods-LocationTrackingTests-resources.sh\"\n";
			showEnvVarsInLog = 0;
		};
		3421547D9E1F75896D67ABFE /* [CP] Embed Pods Frameworks */ = {
			isa = PBXShellScriptBuildPhase;
			buildActionMask = 2147483647;
			files = (
			);
			inputPaths = (
			);
			name = "[CP] Embed Pods Frameworks";
			outputPaths = (
			);
			runOnlyForDeploymentPostprocessing = 0;
			shellPath = /bin/sh;
			shellScript = "\"${SRCROOT}/Pods/Target Support Files/Pods-LocationTracking/Pods-LocationTracking-frameworks.sh\"\n";
			showEnvVarsInLog = 0;
		};
		38219629DB524BF62019F68C /* [CP] Check Pods Manifest.lock */ = {
			isa = PBXShellScriptBuildPhase;
			buildActionMask = 2147483647;
			files = (
			);
			inputPaths = (
			);
			name = "[CP] Check Pods Manifest.lock";
			outputPaths = (
			);
			runOnlyForDeploymentPostprocessing = 0;
			shellPath = /bin/sh;
			shellScript = "diff \"${PODS_ROOT}/../Podfile.lock\" \"${PODS_ROOT}/Manifest.lock\" > /dev/null\nif [[ $? != 0 ]] ; then\n    cat << EOM\nerror: The sandbox is not in sync with the Podfile.lock. Run 'pod install' or update your CocoaPods installation.\nEOM\n    exit 1\nfi\n";
			showEnvVarsInLog = 0;
		};
		5141FECDE399CE9680D4A46D /* [CP] Check Pods Manifest.lock */ = {
			isa = PBXShellScriptBuildPhase;
			buildActionMask = 2147483647;
			files = (
			);
			inputPaths = (
			);
			name = "[CP] Check Pods Manifest.lock";
			outputPaths = (
			);
			runOnlyForDeploymentPostprocessing = 0;
			shellPath = /bin/sh;
			shellScript = "diff \"${PODS_ROOT}/../Podfile.lock\" \"${PODS_ROOT}/Manifest.lock\" > /dev/null\nif [[ $? != 0 ]] ; then\n    cat << EOM\nerror: The sandbox is not in sync with the Podfile.lock. Run 'pod install' or update your CocoaPods installation.\nEOM\n    exit 1\nfi\n";
			showEnvVarsInLog = 0;
		};
		867394B86FB5847538B1BB95 /* [CP] Copy Pods Resources */ = {
			isa = PBXShellScriptBuildPhase;
			buildActionMask = 2147483647;
			files = (
			);
			inputPaths = (
			);
			name = "[CP] Copy Pods Resources";
			outputPaths = (
			);
			runOnlyForDeploymentPostprocessing = 0;
			shellPath = /bin/sh;
			shellScript = "\"${SRCROOT}/Pods/Target Support Files/Pods-LocationTracking/Pods-LocationTracking-resources.sh\"\n";
			showEnvVarsInLog = 0;
		};
		D38CEB17CCED03F745B86528 /* [CP] Embed Pods Frameworks */ = {
			isa = PBXShellScriptBuildPhase;
			buildActionMask = 2147483647;
			files = (
			);
			inputPaths = (
			);
			name = "[CP] Embed Pods Frameworks";
			outputPaths = (
			);
			runOnlyForDeploymentPostprocessing = 0;
			shellPath = /bin/sh;
			shellScript = "\"${SRCROOT}/Pods/Target Support Files/Pods-LocationTrackingTests/Pods-LocationTrackingTests-frameworks.sh\"\n";
			showEnvVarsInLog = 0;
		};
/* End PBXShellScriptBuildPhase section */

/* Begin PBXSourcesBuildPhase section */
		F3687EB01E20B2E3009D1E0B /* Sources */ = {
			isa = PBXSourcesBuildPhase;
			buildActionMask = 2147483647;
			files = (
				F3687EDD1E20B8B5009D1E0B /* TabViewController.swift in Sources */,
				F3687EDF1E20B97C009D1E0B /* TabViewModel.swift in Sources */,
				F3687EB81E20B2E3009D1E0B /* AppDelegate.swift in Sources */,
				F3687EE31E20C807009D1E0B /* SecondViewController.swift in Sources */,
				F3687EE51E20C812009D1E0B /* ThirdViewController.swift in Sources */,
				F3687EE11E20C7FA009D1E0B /* FirstViewController.swift in Sources */,
			);
			runOnlyForDeploymentPostprocessing = 0;
		};
		F3687EC41E20B2E3009D1E0B /* Sources */ = {
			isa = PBXSourcesBuildPhase;
			buildActionMask = 2147483647;
			files = (
				F3687ECD1E20B2E3009D1E0B /* LocationTrackingTests.swift in Sources */,
			);
			runOnlyForDeploymentPostprocessing = 0;
		};
/* End PBXSourcesBuildPhase section */

/* Begin PBXTargetDependency section */
		F3687ECA1E20B2E3009D1E0B /* PBXTargetDependency */ = {
			isa = PBXTargetDependency;
			target = F3687EB31E20B2E3009D1E0B /* LocationTracking */;
			targetProxy = F3687EC91E20B2E3009D1E0B /* PBXContainerItemProxy */;
		};
/* End PBXTargetDependency section */

/* Begin PBXVariantGroup section */
		F3687EBB1E20B2E3009D1E0B /* Main.storyboard */ = {
			isa = PBXVariantGroup;
			children = (
				F3687EBC1E20B2E3009D1E0B /* Base */,
			);
			name = Main.storyboard;
			sourceTree = "<group>";
		};
		F3687EC01E20B2E3009D1E0B /* LaunchScreen.storyboard */ = {
			isa = PBXVariantGroup;
			children = (
				F3687EC11E20B2E3009D1E0B /* Base */,
			);
			name = LaunchScreen.storyboard;
			sourceTree = "<group>";
		};
/* End PBXVariantGroup section */

/* Begin XCBuildConfiguration section */
		F3687ECF1E20B2E3009D1E0B /* Debug */ = {
			isa = XCBuildConfiguration;
			buildSettings = {
				ALWAYS_SEARCH_USER_PATHS = NO;
				CLANG_ANALYZER_NONNULL = YES;
				CLANG_CXX_LANGUAGE_STANDARD = "gnu++0x";
				CLANG_CXX_LIBRARY = "libc++";
				CLANG_ENABLE_MODULES = YES;
				CLANG_ENABLE_OBJC_ARC = YES;
				CLANG_WARN_BOOL_CONVERSION = YES;
				CLANG_WARN_CONSTANT_CONVERSION = YES;
				CLANG_WARN_DIRECT_OBJC_ISA_USAGE = YES_ERROR;
				CLANG_WARN_DOCUMENTATION_COMMENTS = YES;
				CLANG_WARN_EMPTY_BODY = YES;
				CLANG_WARN_ENUM_CONVERSION = YES;
				CLANG_WARN_INFINITE_RECURSION = YES;
				CLANG_WARN_INT_CONVERSION = YES;
				CLANG_WARN_OBJC_ROOT_CLASS = YES_ERROR;
				CLANG_WARN_SUSPICIOUS_MOVES = YES;
				CLANG_WARN_UNREACHABLE_CODE = YES;
				CLANG_WARN__DUPLICATE_METHOD_MATCH = YES;
				CODE_SIGN_IDENTITY = "";
				"CODE_SIGN_IDENTITY[sdk=iphoneos*]" = "";
				COPY_PHASE_STRIP = NO;
				DEBUG_INFORMATION_FORMAT = dwarf;
				ENABLE_STRICT_OBJC_MSGSEND = YES;
				ENABLE_TESTABILITY = YES;
				GCC_C_LANGUAGE_STANDARD = gnu99;
				GCC_DYNAMIC_NO_PIC = NO;
				GCC_NO_COMMON_BLOCKS = YES;
				GCC_OPTIMIZATION_LEVEL = 0;
				GCC_PREPROCESSOR_DEFINITIONS = (
					"DEBUG=1",
					"$(inherited)",
				);
				GCC_WARN_64_TO_32_BIT_CONVERSION = YES;
				GCC_WARN_ABOUT_RETURN_TYPE = YES_ERROR;
				GCC_WARN_UNDECLARED_SELECTOR = YES;
				GCC_WARN_UNINITIALIZED_AUTOS = YES_AGGRESSIVE;
				GCC_WARN_UNUSED_FUNCTION = YES;
				GCC_WARN_UNUSED_VARIABLE = YES;
				IPHONEOS_DEPLOYMENT_TARGET = 10.1;
				MTL_ENABLE_DEBUG_INFO = YES;
				ONLY_ACTIVE_ARCH = YES;
				PROVISIONING_PROFILE = "1509eb80-8f56-4eec-8872-5c9fe51e6e8c";
				SDKROOT = iphoneos;
				SWIFT_ACTIVE_COMPILATION_CONDITIONS = DEBUG;
				SWIFT_OPTIMIZATION_LEVEL = "-Onone";
			};
			name = Debug;
		};
		F3687ED01E20B2E3009D1E0B /* Release */ = {
			isa = XCBuildConfiguration;
			buildSettings = {
				ALWAYS_SEARCH_USER_PATHS = NO;
				CLANG_ANALYZER_NONNULL = YES;
				CLANG_CXX_LANGUAGE_STANDARD = "gnu++0x";
				CLANG_CXX_LIBRARY = "libc++";
				CLANG_ENABLE_MODULES = YES;
				CLANG_ENABLE_OBJC_ARC = YES;
				CLANG_WARN_BOOL_CONVERSION = YES;
				CLANG_WARN_CONSTANT_CONVERSION = YES;
				CLANG_WARN_DIRECT_OBJC_ISA_USAGE = YES_ERROR;
				CLANG_WARN_DOCUMENTATION_COMMENTS = YES;
				CLANG_WARN_EMPTY_BODY = YES;
				CLANG_WARN_ENUM_CONVERSION = YES;
				CLANG_WARN_INFINITE_RECURSION = YES;
				CLANG_WARN_INT_CONVERSION = YES;
				CLANG_WARN_OBJC_ROOT_CLASS = YES_ERROR;
				CLANG_WARN_SUSPICIOUS_MOVES = YES;
				CLANG_WARN_UNREACHABLE_CODE = YES;
				CLANG_WARN__DUPLICATE_METHOD_MATCH = YES;
				CODE_SIGN_IDENTITY = "";
				"CODE_SIGN_IDENTITY[sdk=iphoneos*]" = "";
				COPY_PHASE_STRIP = NO;
				DEBUG_INFORMATION_FORMAT = "dwarf-with-dsym";
				ENABLE_NS_ASSERTIONS = NO;
				ENABLE_STRICT_OBJC_MSGSEND = YES;
				GCC_C_LANGUAGE_STANDARD = gnu99;
				GCC_NO_COMMON_BLOCKS = YES;
				GCC_WARN_64_TO_32_BIT_CONVERSION = YES;
				GCC_WARN_ABOUT_RETURN_TYPE = YES_ERROR;
				GCC_WARN_UNDECLARED_SELECTOR = YES;
				GCC_WARN_UNINITIALIZED_AUTOS = YES_AGGRESSIVE;
				GCC_WARN_UNUSED_FUNCTION = YES;
				GCC_WARN_UNUSED_VARIABLE = YES;
				IPHONEOS_DEPLOYMENT_TARGET = 10.1;
				MTL_ENABLE_DEBUG_INFO = NO;
				PROVISIONING_PROFILE = "1509eb80-8f56-4eec-8872-5c9fe51e6e8c";
				SDKROOT = iphoneos;
				SWIFT_OPTIMIZATION_LEVEL = "-Owholemodule";
				VALIDATE_PRODUCT = YES;
			};
			name = Release;
		};
		F3687ED21E20B2E3009D1E0B /* Debug */ = {
			isa = XCBuildConfiguration;
			baseConfigurationReference = B3F443AB6418ACFE8B4B134A /* Pods-LocationTracking.debug.xcconfig */;
			buildSettings = {
				ASSETCATALOG_COMPILER_APPICON_NAME = AppIcon;
				DEVELOPMENT_TEAM = "";
				INFOPLIST_FILE = LocationTracking/Info.plist;
				LD_RUNPATH_SEARCH_PATHS = "$(inherited) @executable_path/Frameworks";
				PRODUCT_BUNDLE_IDENTIFIER = com.LocationTracking;
				PRODUCT_NAME = "$(TARGET_NAME)";
				PROVISIONING_PROFILE = "1509eb80-8f56-4eec-8872-5c9fe51e6e8c";
				PROVISIONING_PROFILE_SPECIFIER = "Dev Provision";
				SWIFT_VERSION = 3.0;
			};
			name = Debug;
		};
		F3687ED31E20B2E3009D1E0B /* Release */ = {
			isa = XCBuildConfiguration;
			baseConfigurationReference = C223E9C18F57083E90E98550 /* Pods-LocationTracking.release.xcconfig */;
			buildSettings = {
				ASSETCATALOG_COMPILER_APPICON_NAME = AppIcon;
				DEVELOPMENT_TEAM = "";
				INFOPLIST_FILE = LocationTracking/Info.plist;
				LD_RUNPATH_SEARCH_PATHS = "$(inherited) @executable_path/Frameworks";
				PRODUCT_BUNDLE_IDENTIFIER = com.LocationTracking;
				PRODUCT_NAME = "$(TARGET_NAME)";
				PROVISIONING_PROFILE = "1509eb80-8f56-4eec-8872-5c9fe51e6e8c";
				PROVISIONING_PROFILE_SPECIFIER = "Dev Provision";
				SWIFT_VERSION = 3.0;
			};
			name = Release;
		};
		F3687ED51E20B2E3009D1E0B /* Debug */ = {
			isa = XCBuildConfiguration;
			baseConfigurationReference = E5B5BCA6F26D53E7FFC8FC9A /* Pods-LocationTrackingTests.debug.xcconfig */;
			buildSettings = {
				ALWAYS_EMBED_SWIFT_STANDARD_LIBRARIES = YES;
				BUNDLE_LOADER = "$(TEST_HOST)";
				INFOPLIST_FILE = LocationTrackingTests/Info.plist;
				LD_RUNPATH_SEARCH_PATHS = "$(inherited) @executable_path/Frameworks @loader_path/Frameworks";
				PRODUCT_BUNDLE_IDENTIFIER = com.LocationTrackingTests;
				PRODUCT_NAME = "$(TARGET_NAME)";
				SWIFT_VERSION = 3.0;
				TEST_HOST = "$(BUILT_PRODUCTS_DIR)/LocationTracking.app/LocationTracking";
			};
			name = Debug;
		};
		F3687ED61E20B2E3009D1E0B /* Release */ = {
			isa = XCBuildConfiguration;
			baseConfigurationReference = 256A4E5ABE47A488D2824CB1 /* Pods-LocationTrackingTests.release.xcconfig */;
			buildSettings = {
				ALWAYS_EMBED_SWIFT_STANDARD_LIBRARIES = YES;
				BUNDLE_LOADER = "$(TEST_HOST)";
				INFOPLIST_FILE = LocationTrackingTests/Info.plist;
				LD_RUNPATH_SEARCH_PATHS = "$(inherited) @executable_path/Frameworks @loader_path/Frameworks";
				PRODUCT_BUNDLE_IDENTIFIER = com.LocationTrackingTests;
				PRODUCT_NAME = "$(TARGET_NAME)";
				SWIFT_VERSION = 3.0;
				TEST_HOST = "$(BUILT_PRODUCTS_DIR)/LocationTracking.app/LocationTracking";
			};
			name = Release;
		};
/* End XCBuildConfiguration section */

/* Begin XCConfigurationList section */
		F3687EAF1E20B2E3009D1E0B /* Build configuration list for PBXProject "LocationTracking" */ = {
			isa = XCConfigurationList;
			buildConfigurations = (
				F3687ECF1E20B2E3009D1E0B /* Debug */,
				F3687ED01E20B2E3009D1E0B /* Release */,
			);
			defaultConfigurationIsVisible = 0;
			defaultConfigurationName = Release;
		};
		F3687ED11E20B2E3009D1E0B /* Build configuration list for PBXNativeTarget "LocationTracking" */ = {
			isa = XCConfigurationList;
			buildConfigurations = (
				F3687ED21E20B2E3009D1E0B /* Debug */,
				F3687ED31E20B2E3009D1E0B /* Release */,
			);
			defaultConfigurationIsVisible = 0;
			defaultConfigurationName = Release;
		};
		F3687ED41E20B2E3009D1E0B /* Build configuration list for PBXNativeTarget "LocationTrackingTests" */ = {
			isa = XCConfigurationList;
			buildConfigurations = (
				F3687ED51E20B2E3009D1E0B /* Debug */,
				F3687ED61E20B2E3009D1E0B /* Release */,
			);
			defaultConfigurationIsVisible = 0;
			defaultConfigurationName = Release;
		};
/* End XCConfigurationList section */
	};
	rootObject = F3687EAC1E20B2E3009D1E0B /* Project object */;
}
